
Microsoft Visual Studio Solution File, Format Version 12.00
# Visual Studio Version 16
VisualStudioVersion = 16.0.29709.97
MinimumVisualStudioVersion = 10.0.40219.1
Project("{FAE04EC0-301F-11D3-BF4B-00C04F79EFBC}") = "Tokarev41razmer", "Tokarev41razmer.csproj", "{02CB8B39-29BC-4EC1-B060-8C274BF5B2BC}"
EndProject
Global
	GlobalSection(SolutionConfigurationPlatforms) = preSolution
		Debug|Any CPU = Debug|Any CPU
		Release|Any CPU = Release|Any CPU
	EndGlobalSection
	GlobalSection(ProjectConfigurationPlatforms) = postSolution
		{02CB8B39-29BC-4EC1-B060-8C274BF5B2BC}.Debug|Any CPU.ActiveCfg = Debug|Any CPU
		{02CB8B39-29BC-4EC1-B060-8C274BF5B2BC}.Debug|Any CPU.Build.0 = Debug|Any CPU
		{02CB8B39-29BC-4EC1-B060-8C274BF5B2BC}.Release|Any CPU.ActiveCfg = Release|Any CPU
		{02CB8B39-29BC-4EC1-B060-8C274BF5B2BC}.Release|Any CPU.Build.0 = Release|Any CPU
	EndGlobalSection
	GlobalSection(SolutionProperties) = preSolution
		HideSolutionNode = FALSE
	EndGlobalSection
	GlobalSection(ExtensibilityGlobals) = postSolution
		SolutionGuid = {51ADCCBF-BD71-4F49-A27A-7101F0578308}
	EndGlobalSection
EndGlobal
